
Microsoft Visual Studio Solution File, Format Version 12.00
# Visual Studio Version 17
VisualStudioVersion = 17.7.34031.279
MinimumVisualStudioVersion = 10.0.40219.1
Project("{FAE04EC0-301F-11D3-BF4B-00C04F79EFBC}") = "Api1", "Api1\Api1.csproj", "{4422FBC5-5000-4955-BF90-B8BE7B9ADC66}"
EndProject
Global
	GlobalSection(SolutionConfigurationPlatforms) = preSolution
		Debug|Any CPU = Debug|Any CPU
		Release|Any CPU = Release|Any CPU
	EndGlobalSection
	GlobalSection(ProjectConfigurationPlatforms) = postSolution
		{4422FBC5-5000-4955-BF90-B8BE7B9ADC66}.Debug|Any CPU.ActiveCfg = Debug|Any CPU
		{4422FBC5-5000-4955-BF90-B8BE7B9ADC66}.Debug|Any CPU.Build.0 = Debug|Any CPU
		{4422FBC5-5000-4955-BF90-B8BE7B9ADC66}.Release|Any CPU.ActiveCfg = Release|Any CPU
		{4422FBC5-5000-4955-BF90-B8BE7B9ADC66}.Release|Any CPU.Build.0 = Release|Any CPU
	EndGlobalSection
	GlobalSection(SolutionProperties) = preSolution
		HideSolutionNode = FALSE
	EndGlobalSection
	GlobalSection(ExtensibilityGlobals) = postSolution
		SolutionGuid = {5CEFE305-D4BE-4872-B8FF-390D6EA64E2E}
	EndGlobalSection
EndGlobal
